// !$*UTF8*$!
{
	archiveVersion = 1;
	classes = {
	};
	objectVersion = 77;
	objects = {

/* Begin PBXBuildFile section */
		A91120DC2F0B076E0015E379 /* WidgetKit.framework in Frameworks */ = {isa = PBXBuildFile; fileRef = A91120DB2F0B076E0015E379 /* WidgetKit.framework */; };
		A91120DE2F0B076E0015E379 /* SwiftUI.framework in Frameworks */ = {isa = PBXBuildFile; fileRef = A91120DD2F0B076E0015E379 /* SwiftUI.framework */; };
		A91120ED2F0B07710015E379 /* PapaDotWidgetExtension.appex in Embed Foundation Extensions */ = {isa = PBXBuildFile; fileRef = A91120D92F0B076E0015E379 /* PapaDotWidgetExtension.appex */; settings = {ATTRIBUTES = (RemoveHeadersOnCopy, ); }; };
/* End PBXBuildFile section */

/* Begin PBXContainerItemProxy section */
		A91120EB2F0B07710015E379 /* PBXContainerItemProxy */ = {
			isa = PBXContainerItemProxy;
			containerPortal = A9B043962E7CBA03005CBC2F /* Project object */;
			proxyType = 1;
			remoteGlobalIDString = A91120D82F0B076E0015E379;
			remoteInfo = PapaDotWidgetExtension;
		};
		A9B043AC2E7CBA04005CBC2F /* PBXContainerItemProxy */ = {
			isa = PBXContainerItemProxy;
			containerPortal = A9B043962E7CBA03005CBC2F /* Project object */;
			proxyType = 1;
			remoteGlobalIDString = A9B0439D2E7CBA03005CBC2F;
			remoteInfo = PapaDot;
		};
		A9B043B62E7CBA04005CBC2F /* PBXContainerItemProxy */ = {
			isa = PBXContainerItemProxy;
			containerPortal = A9B043962E7CBA03005CBC2F /* Project object */;
			proxyType = 1;
			remoteGlobalIDString = A9B0439D2E7CBA03005CBC2F;
			remoteInfo = PapaDot;
		};
/* End PBXContainerItemProxy section */

/* Begin PBXCopyFilesBuildPhase section */
		A91120F22F0B07710015E379 /* Embed Foundation Extensions */ = {
			isa = PBXCopyFilesBuildPhase;
			buildActionMask = 2147483647;
			dstPath = "";
			dstSubfolderSpec = 13;
			files = (
				A91120ED2F0B07710015E379 /* PapaDotWidgetExtension.appex in Embed Foundation Extensions */,
			);
			name = "Embed Foundation Extensions";
			runOnlyForDeploymentPostprocessing = 0;
		};
/* End PBXCopyFilesBuildPhase section */

/* Begin PBXFileReference section */
		A91120D92F0B076E0015E379 /* PapaDotWidgetExtension.appex */ = {isa = PBXFileReference; explicitFileType = "wrapper.app-extension"; includeInIndex = 0; path = PapaDotWidgetExtension.appex; sourceTree = BUILT_PRODUCTS_DIR; };
		A91120DB2F0B076E0015E379 /* WidgetKit.framework */ = {isa = PBXFileReference; lastKnownFileType = wrapper.framework; name = WidgetKit.framework; path = System/Library/Frameworks/WidgetKit.framework; sourceTree = SDKROOT; };
		A91120DD2F0B076E0015E379 /* SwiftUI.framework */ = {isa = PBXFileReference; lastKnownFileType = wrapper.framework; name = SwiftUI.framework; path = System/Library/Frameworks/SwiftUI.framework; sourceTree = SDKROOT; };
		A956F8B12EDA723300489C42 /* PapaDot.xctestplan */ = {isa = PBXFileReference; lastKnownFileType = text; path = PapaDot.xctestplan; sourceTree = "<group>"; };
		A9B0439E2E7CBA03005CBC2F /* PapaDot.app */ = {isa = PBXFileReference; explicitFileType = wrapper.application; includeInIndex = 0; path = PapaDot.app; sourceTree = BUILT_PRODUCTS_DIR; };
		A9B043AB2E7CBA04005CBC2F /* PapaDotTests.xctest */ = {isa = PBXFileReference; explicitFileType = wrapper.cfbundle; includeInIndex = 0; path = PapaDotTests.xctest; sourceTree = BUILT_PRODUCTS_DIR; };
		A9B043B52E7CBA04005CBC2F /* PapaDotUITests.xctest */ = {isa = PBXFileReference; explicitFileType = wrapper.cfbundle; includeInIndex = 0; path = PapaDotUITests.xctest; sourceTree = BUILT_PRODUCTS_DIR; };
/* End PBXFileReference section */

/* Begin PBXFileSystemSynchronizedBuildFileExceptionSet section */
		A91120F12F0B07710015E379 /* Exceptions for "PapaDotWidget" folder in "PapaDotWidgetExtension" target */ = {
			isa = PBXFileSystemSynchronizedBuildFileExceptionSet;
			membershipExceptions = (
				Info.plist,
			);
			target = A91120D82F0B076E0015E379 /* PapaDotWidgetExtension */;
		};
		A91120FE2F0B0AD40015E379 /* Exceptions for "PapaDot" folder in "PapaDotWidgetExtension" target */ = {
			isa = PBXFileSystemSynchronizedBuildFileExceptionSet;
			membershipExceptions = (
				GolfCourseData/GolfCourse.swift,
				GolfCourseData/GolfCourseData.swift,
				Models/CustomTask.swift,
				Models/GameRules.swift,
				Models/GameState.swift,
				Models/Player.swift,
				Utilities/Helpers.swift,
				Views/HolePhoto.swift,
				Views/PaymentSummary.swift,
			);
			target = A91120D82F0B076E0015E379 /* PapaDotWidgetExtension */;
		};
		A940DE8F2EEBD8FC003343F3 /* Exceptions for "PapaDot" folder in "PapaDot" target */ = {
			isa = PBXFileSystemSynchronizedBuildFileExceptionSet;
			membershipExceptions = (
				Config.xcconfig,
				Info.plist,
			);
			target = A9B0439D2E7CBA03005CBC2F /* PapaDot */;
		};
/* End PBXFileSystemSynchronizedBuildFileExceptionSet section */

/* Begin PBXFileSystemSynchronizedRootGroup section */
		A91120DF2F0B076E0015E379 /* PapaDotWidget */ = {
			isa = PBXFileSystemSynchronizedRootGroup;
			exceptions = (
				A91120F12F0B07710015E379 /* Exceptions for "PapaDotWidget" folder in "PapaDotWidgetExtension" target */,
			);
			path = PapaDotWidget;
			sourceTree = "<group>";
		};
		A9B043A02E7CBA03005CBC2F /* PapaDot */ = {
			isa = PBXFileSystemSynchronizedRootGroup;
			exceptions = (
				A940DE8F2EEBD8FC003343F3 /* Exceptions for "PapaDot" folder in "PapaDot" target */,
				A91120FE2F0B0AD40015E379 /* Exceptions for "PapaDot" folder in "PapaDotWidgetExtension" target */,
			);
			path = PapaDot;
			sourceTree = "<group>";
		};
		B9CAFEBABE0001110000DEAD /* PapaDotTests */ = {
			isa = PBXFileSystemSynchronizedRootGroup;
			path = PapaDotTests;
			sourceTree = "<group>";
		};
/* End PBXFileSystemSynchronizedRootGroup section */

/* Begin PBXFrameworksBuildPhase section */
		A91120D62F0B076E0015E379 /* Frameworks */ = {
			isa = PBXFrameworksBuildPhase;
			buildActionMask = 2147483647;
			files = (
				A91120DE2F0B076E0015E379 /* SwiftUI.framework in Frameworks */,
				A91120DC2F0B076E0015E379 /* WidgetKit.framework in Frameworks */,
			);
			runOnlyForDeploymentPostprocessing = 0;
		};
		A9B0439B2E7CBA03005CBC2F /* Frameworks */ = {
			isa = PBXFrameworksBuildPhase;
			buildActionMask = 2147483647;
			files = (
			);
			runOnlyForDeploymentPostprocessing = 0;
		};
		A9B043A82E7CBA04005CBC2F /* Frameworks */ = {
			isa = PBXFrameworksBuildPhase;
			buildActionMask = 2147483647;
			files = (
			);
			runOnlyForDeploymentPostprocessing = 0;
		};
		A9B043B22E7CBA04005CBC2F /* Frameworks */ = {
			isa = PBXFrameworksBuildPhase;
			buildActionMask = 2147483647;
			files = (
			);
			runOnlyForDeploymentPostprocessing = 0;
		};
/* End PBXFrameworksBuildPhase section */

/* Begin PBXGroup section */
		A91120DA2F0B076E0015E379 /* Frameworks */ = {
			isa = PBXGroup;
			children = (
				A91120DB2F0B076E0015E379 /* WidgetKit.framework */,
				A91120DD2F0B076E0015E379 /* SwiftUI.framework */,
			);
			name = Frameworks;
			sourceTree = "<group>";
		};
		A9B043952E7CBA03005CBC2F = {
			isa = PBXGroup;
			children = (
				A956F8B12EDA723300489C42 /* PapaDot.xctestplan */,
				A9B043A02E7CBA03005CBC2F /* PapaDot */,
				A91120DF2F0B076E0015E379 /* PapaDotWidget */,
				B9CAFEBABE0001110000DEAD /* PapaDotTests */,
				A91120DA2F0B076E0015E379 /* Frameworks */,
				A9B0439F2E7CBA03005CBC2F /* Products */,
			);
			sourceTree = "<group>";
		};
		A9B0439F2E7CBA03005CBC2F /* Products */ = {
			isa = PBXGroup;
			children = (
				A9B0439E2E7CBA03005CBC2F /* PapaDot.app */,
				A9B043AB2E7CBA04005CBC2F /* PapaDotTests.xctest */,
				A9B043B52E7CBA04005CBC2F /* PapaDotUITests.xctest */,
				A91120D92F0B076E0015E379 /* PapaDotWidgetExtension.appex */,
			);
			name = Products;
			sourceTree = "<group>";
		};
/* End PBXGroup section */

/* Begin PBXNativeTarget section */
		A91120D82F0B076E0015E379 /* PapaDotWidgetExtension */ = {
			isa = PBXNativeTarget;
			buildConfigurationList = A91120EE2F0B07710015E379 /* Build configuration list for PBXNativeTarget "PapaDotWidgetExtension" */;
			buildPhases = (
				A91120D52F0B076E0015E379 /* Sources */,
				A91120D62F0B076E0015E379 /* Frameworks */,
				A91120D72F0B076E0015E379 /* Resources */,
			);
			buildRules = (
			);
			dependencies = (
			);
			fileSystemSynchronizedGroups = (
				A91120DF2F0B076E0015E379 /* PapaDotWidget */,
			);
			name = PapaDotWidgetExtension;
			packageProductDependencies = (
			);
			productName = PapaDotWidgetExtension;
			productReference = A91120D92F0B076E0015E379 /* PapaDotWidgetExtension.appex */;
			productType = "com.apple.product-type.app-extension";
		};
		A9B0439D2E7CBA03005CBC2F /* PapaDot */ = {
			isa = PBXNativeTarget;
			buildConfigurationList = A9B043BF2E7CBA04005CBC2F /* Build configuration list for PBXNativeTarget "PapaDot" */;
			buildPhases = (
				A9B0439A2E7CBA03005CBC2F /* Sources */,
				A9B0439B2E7CBA03005CBC2F /* Frameworks */,
				A9B0439C2E7CBA03005CBC2F /* Resources */,
				A91120F22F0B07710015E379 /* Embed Foundation Extensions */,
			);
			buildRules = (
			);
			dependencies = (
				A91120EC2F0B07710015E379 /* PBXTargetDependency */,
			);
			fileSystemSynchronizedGroups = (
				A9B043A02E7CBA03005CBC2F /* PapaDot */,
			);
			name = PapaDot;
			packageProductDependencies = (
			);
			productName = PapaDot;
			productReference = A9B0439E2E7CBA03005CBC2F /* PapaDot.app */;
			productType = "com.apple.product-type.application";
		};
		A9B043AA2E7CBA04005CBC2F /* PapaDotTests */ = {
			isa = PBXNativeTarget;
			buildConfigurationList = A9B043C22E7CBA04005CBC2F /* Build configuration list for PBXNativeTarget "PapaDotTests" */;
			buildPhases = (
				A9B043A72E7CBA04005CBC2F /* Sources */,
				A9B043A82E7CBA04005CBC2F /* Frameworks */,
				A9B043A92E7CBA04005CBC2F /* Resources */,
			);
			buildRules = (
			);
			dependencies = (
				A9B043AD2E7CBA04005CBC2F /* PBXTargetDependency */,
			);
			fileSystemSynchronizedGroups = (
				B9CAFEBABE0001110000DEAD /* PapaDotTests */,
			);
			name = PapaDotTests;
			packageProductDependencies = (
			);
			productName = PapaDotTests;
			productReference = A9B043AB2E7CBA04005CBC2F /* PapaDotTests.xctest */;
			productType = "com.apple.product-type.bundle.unit-test";
		};
		A9B043B42E7CBA04005CBC2F /* PapaDotUITests */ = {
			isa = PBXNativeTarget;
			buildConfigurationList = A9B043C52E7CBA04005CBC2F /* Build configuration list for PBXNativeTarget "PapaDotUITests" */;
			buildPhases = (
				A9B043B12E7CBA04005CBC2F /* Sources */,
				A9B043B22E7CBA04005CBC2F /* Frameworks */,
				A9B043B32E7CBA04005CBC2F /* Resources */,
			);
			buildRules = (
			);
			dependencies = (
				A9B043B72E7CBA04005CBC2F /* PBXTargetDependency */,
			);
			name = PapaDotUITests;
			packageProductDependencies = (
			);
			productName = PapaDotUITests;
			productReference = A9B043B52E7CBA04005CBC2F /* PapaDotUITests.xctest */;
			productType = "com.apple.product-type.bundle.ui-testing";
		};
/* End PBXNativeTarget section */

/* Begin PBXProject section */
		A9B043962E7CBA03005CBC2F /* Project object */ = {
			isa = PBXProject;
			attributes = {
				BuildIndependentTargetsInParallel = 1;
				LastSwiftUpdateCheck = 2600;
				LastUpgradeCheck = 2620;
				TargetAttributes = {
					A91120D82F0B076E0015E379 = {
						CreatedOnToolsVersion = 26.0.1;
					};
					A9B0439D2E7CBA03005CBC2F = {
						CreatedOnToolsVersion = 16.4;
					};
					A9B043AA2E7CBA04005CBC2F = {
						CreatedOnToolsVersion = 16.4;
						TestTargetID = A9B0439D2E7CBA03005CBC2F;
					};
					A9B043B42E7CBA04005CBC2F = {
						CreatedOnToolsVersion = 16.4;
						TestTargetID = A9B0439D2E7CBA03005CBC2F;
					};
				};
			};
			buildConfigurationList = A9B043992E7CBA03005CBC2F /* Build configuration list for PBXProject "PapaDot" */;
			developmentRegion = en;
			hasScannedForEncodings = 0;
			knownRegions = (
				en,
				Base,
			);
			mainGroup = A9B043952E7CBA03005CBC2F;
			minimizedProjectReferenceProxies = 1;
			preferredProjectObjectVersion = 77;
			productRefGroup = A9B0439F2E7CBA03005CBC2F /* Products */;
			projectDirPath = "";
			projectRoot = "";
			targets = (
				A9B0439D2E7CBA03005CBC2F /* PapaDot */,
				A9B043AA2E7CBA04005CBC2F /* PapaDotTests */,
				A9B043B42E7CBA04005CBC2F /* PapaDotUITests */,
				A91120D82F0B076E0015E379 /* PapaDotWidgetExtension */,
			);
		};
/* End PBXProject section */

/* Begin PBXResourcesBuildPhase section */
		A91120D72F0B076E0015E379 /* Resources */ = {
			isa = PBXResourcesBuildPhase;
			buildActionMask = 2147483647;
			files = (
			);
			runOnlyForDeploymentPostprocessing = 0;
		};
		A9B0439C2E7CBA03005CBC2F /* Resources */ = {
			isa = PBXResourcesBuildPhase;
			buildActionMask = 2147483647;
			files = (
			);
			runOnlyForDeploymentPostprocessing = 0;
		};
		A9B043A92E7CBA04005CBC2F /* Resources */ = {
			isa = PBXResourcesBuildPhase;
			buildActionMask = 2147483647;
			files = (
			);
			runOnlyForDeploymentPostprocessing = 0;
		};
		A9B043B32E7CBA04005CBC2F /* Resources */ = {
			isa = PBXResourcesBuildPhase;
			buildActionMask = 2147483647;
			files = (
			);
			runOnlyForDeploymentPostprocessing = 0;
		};
/* End PBXResourcesBuildPhase section */

/* Begin PBXSourcesBuildPhase section */
		A91120D52F0B076E0015E379 /* Sources */ = {
			isa = PBXSourcesBuildPhase;
			buildActionMask = 2147483647;
			files = (
			);
			runOnlyForDeploymentPostprocessing = 0;
		};
		A9B0439A2E7CBA03005CBC2F /* Sources */ = {
			isa = PBXSourcesBuildPhase;
			buildActionMask = 2147483647;
			files = (
			);
			runOnlyForDeploymentPostprocessing = 0;
		};
		A9B043A72E7CBA04005CBC2F /* Sources */ = {
			isa = PBXSourcesBuildPhase;
			buildActionMask = 2147483647;
			files = (
			);
			runOnlyForDeploymentPostprocessing = 0;
		};
		A9B043B12E7CBA04005CBC2F /* Sources */ = {
			isa = PBXSourcesBuildPhase;
			buildActionMask = 2147483647;
			files = (
			);
			runOnlyForDeploymentPostprocessing = 0;
		};
/* End PBXSourcesBuildPhase section */

/* Begin PBXTargetDependency section */
		A91120EC2F0B07710015E379 /* PBXTargetDependency */ = {
			isa = PBXTargetDependency;
			target = A91120D82F0B076E0015E379 /* PapaDotWidgetExtension */;
			targetProxy = A91120EB2F0B07710015E379 /* PBXContainerItemProxy */;
		};
		A9B043AD2E7CBA04005CBC2F /* PBXTargetDependency */ = {
			isa = PBXTargetDependency;
			target = A9B0439D2E7CBA03005CBC2F /* PapaDot */;
			targetProxy = A9B043AC2E7CBA04005CBC2F /* PBXContainerItemProxy */;
		};
		A9B043B72E7CBA04005CBC2F /* PBXTargetDependency */ = {
			isa = PBXTargetDependency;
			target = A9B0439D2E7CBA03005CBC2F /* PapaDot */;
			targetProxy = A9B043B62E7CBA04005CBC2F /* PBXContainerItemProxy */;
		};
/* End PBXTargetDependency section */

/* Begin XCBuildConfiguration section */
		A91120EF2F0B07710015E379 /* Debug */ = {
			isa = XCBuildConfiguration;
			buildSettings = {
				ASSETCATALOG_COMPILER_GLOBAL_ACCENT_COLOR_NAME = AccentColor;
				ASSETCATALOG_COMPILER_WIDGET_BACKGROUND_COLOR_NAME = WidgetBackground;
				CODE_SIGN_STYLE = Automatic;
				CURRENT_PROJECT_VERSION = 1;
				DEVELOPMENT_TEAM = 42B27YJ7RP;
				GENERATE_INFOPLIST_FILE = YES;
				INFOPLIST_FILE = PapaDotWidget/Info.plist;
				INFOPLIST_KEY_CFBundleDisplayName = PapaDotWidget;
				INFOPLIST_KEY_NSHumanReadableCopyright = "";
				IPHONEOS_DEPLOYMENT_TARGET = 26.0;
				LD_RUNPATH_SEARCH_PATHS = (
					"$(inherited)",
					"@executable_path/Frameworks",
					"@executable_path/../../Frameworks",
				);
				MARKETING_VERSION = 1.0;
				PRODUCT_BUNDLE_IDENTIFIER = com.jeffpaz.PapaDot.PapaDotWidget;
				PRODUCT_NAME = "$(TARGET_NAME)";
				SKIP_INSTALL = YES;
				STRING_CATALOG_GENERATE_SYMBOLS = YES;
				SWIFT_APPROACHABLE_CONCURRENCY = YES;
				SWIFT_EMIT_LOC_STRINGS = YES;
				SWIFT_UPCOMING_FEATURE_MEMBER_IMPORT_VISIBILITY = YES;
				SWIFT_VERSION = 5.0;
				TARGETED_DEVICE_FAMILY = "1,2";
			};
			name = Debug;
		};
		A91120F02F0B07710015E379 /* Release */ = {
			isa = XCBuildConfiguration;
			buildSettings = {
				ASSETCATALOG_COMPILER_GLOBAL_ACCENT_COLOR_NAME = AccentColor;
				ASSETCATALOG_COMPILER_WIDGET_BACKGROUND_COLOR_NAME = WidgetBackground;
				CODE_SIGN_STYLE = Automatic;
				CURRENT_PROJECT_VERSION = 1;
				DEVELOPMENT_TEAM = 42B27YJ7RP;
				GENERATE_INFOPLIST_FILE = YES;
				INFOPLIST_FILE = PapaDotWidget/Info.plist;
				INFOPLIST_KEY_CFBundleDisplayName = PapaDotWidget;
				INFOPLIST_KEY_NSHumanReadableCopyright = "";
				IPHONEOS_DEPLOYMENT_TARGET = 26.0;
				LD_RUNPATH_SEARCH_PATHS = (
					"$(inherited)",
					"@executable_path/Frameworks",
					"@executable_path/../../Frameworks",
				);
				MARKETING_VERSION = 1.0;
				PRODUCT_BUNDLE_IDENTIFIER = com.jeffpaz.PapaDot.PapaDotWidget;
				PRODUCT_NAME = "$(TARGET_NAME)";
				SKIP_INSTALL = YES;
				STRING_CATALOG_GENERATE_SYMBOLS = YES;
				SWIFT_APPROACHABLE_CONCURRENCY = YES;
				SWIFT_EMIT_LOC_STRINGS = YES;
				SWIFT_UPCOMING_FEATURE_MEMBER_IMPORT_VISIBILITY = YES;
				SWIFT_VERSION = 5.0;
				TARGETED_DEVICE_FAMILY = "1,2";
			};
			name = Release;
		};
		A9B043BD2E7CBA04005CBC2F /* Debug */ = {
			isa = XCBuildConfiguration;
			baseConfigurationReferenceAnchor = A9B043A02E7CBA03005CBC2F /* PapaDot */;
			baseConfigurationReferenceRelativePath = Config.xcconfig;
			buildSettings = {
				ALWAYS_SEARCH_USER_PATHS = NO;
				ASSETCATALOG_COMPILER_GENERATE_SWIFT_ASSET_SYMBOL_EXTENSIONS = YES;
				CLANG_ANALYZER_NONNULL = YES;
				CLANG_ANALYZER_NUMBER_OBJECT_CONVERSION = YES_AGGRESSIVE;
				CLANG_CXX_LANGUAGE_STANDARD = "gnu++20";
				CLANG_ENABLE_MODULES = YES;
				CLANG_ENABLE_OBJC_ARC = YES;
				CLANG_ENABLE_OBJC_WEAK = YES;
				CLANG_WARN_BLOCK_CAPTURE_AUTORELEASING = YES;
				CLANG_WARN_BOOL_CONVERSION = YES;
				CLANG_WARN_COMMA = YES;
				CLANG_WARN_CONSTANT_CONVERSION = YES;
				CLANG_WARN_DEPRECATED_OBJC_IMPLEMENTATIONS = YES;
				CLANG_WARN_DIRECT_OBJC_ISA_USAGE = YES_ERROR;
				CLANG_WARN_DOCUMENTATION_COMMENTS = YES;
				CLANG_WARN_EMPTY_BODY = YES;
				CLANG_WARN_ENUM_CONVERSION = YES;
				CLANG_WARN_INFINITE_RECURSION = YES;
				CLANG_WARN_INT_CONVERSION = YES;
				CLANG_WARN_NON_LITERAL_NULL_CONVERSION = YES;
				CLANG_WARN_OBJC_IMPLICIT_RETAIN_SELF = YES;
				CLANG_WARN_OBJC_LITERAL_CONVERSION = YES;
				CLANG_WARN_OBJC_ROOT_CLASS = YES_ERROR;
				CLANG_WARN_QUOTED_INCLUDE_IN_FRAMEWORK_HEADER = YES;
				CLANG_WARN_RANGE_LOOP_ANALYSIS = YES;
				CLANG_WARN_STRICT_PROTOTYPES = YES;
				CLANG_WARN_SUSPICIOUS_MOVE = YES;
				CLANG_WARN_UNGUARDED_AVAILABILITY = YES_AGGRESSIVE;
				CLANG_WARN_UNREACHABLE_CODE = YES;
				CLANG_WARN__DUPLICATE_METHOD_MATCH = YES;
				COPY_PHASE_STRIP = NO;
				DEBUG_INFORMATION_FORMAT = dwarf;
				ENABLE_STRICT_OBJC_MSGSEND = YES;
				ENABLE_TESTABILITY = YES;
				ENABLE_USER_SCRIPT_SANDBOXING = YES;
				GCC_C_LANGUAGE_STANDARD = gnu17;
				GCC_DYNAMIC_NO_PIC = NO;
				GCC_NO_COMMON_BLOCKS = YES;
				GCC_OPTIMIZATION_LEVEL = 0;
				GCC_PREPROCESSOR_DEFINITIONS = (
					"DEBUG=1",
					"$(inherited)",
				);
				GCC_WARN_64_TO_32_BIT_CONVERSION = YES;
				GCC_WARN_ABOUT_RETURN_TYPE = YES_ERROR;
				GCC_WARN_UNDECLARED_SELECTOR = YES;
				GCC_WARN_UNINITIALIZED_AUTOS = YES_AGGRESSIVE;
				GCC_WARN_UNUSED_FUNCTION = YES;
				GCC_WARN_UNUSED_VARIABLE = YES;
				IPHONEOS_DEPLOYMENT_TARGET = 18.5;
				LOCALIZATION_PREFERS_STRING_CATALOGS = YES;
				MTL_ENABLE_DEBUG_INFO = INCLUDE_SOURCE;
				MTL_FAST_MATH = YES;
				ONLY_ACTIVE_ARCH = YES;
				SDKROOT = iphoneos;
				STRING_CATALOG_GENERATE_SYMBOLS = YES;
				SWIFT_ACTIVE_COMPILATION_CONDITIONS = "DEBUG $(inherited)";
				SWIFT_OPTIMIZATION_LEVEL = "-Onone";
			};
			name = Debug;
		};
		A9B043BE2E7CBA04005CBC2F /* Release */ = {
			isa = XCBuildConfiguration;
			baseConfigurationReferenceAnchor = A9B043A02E7CBA03005CBC2F /* PapaDot */;
			baseConfigurationReferenceRelativePath = Config.xcconfig;
			buildSettings = {
				ALWAYS_SEARCH_USER_PATHS = NO;
				ASSETCATALOG_COMPILER_GENERATE_SWIFT_ASSET_SYMBOL_EXTENSIONS = YES;
				CLANG_ANALYZER_NONNULL = YES;
				CLANG_ANALYZER_NUMBER_OBJECT_CONVERSION = YES_AGGRESSIVE;
				CLANG_CXX_LANGUAGE_STANDARD = "gnu++20";
				CLANG_ENABLE_MODULES = YES;
				CLANG_ENABLE_OBJC_ARC = YES;
				CLANG_ENABLE_OBJC_WEAK = YES;
				CLANG_WARN_BLOCK_CAPTURE_AUTORELEASING = YES;
				CLANG_WARN_BOOL_CONVERSION = YES;
				CLANG_WARN_COMMA = YES;
				CLANG_WARN_CONSTANT_CONVERSION = YES;
				CLANG_WARN_DEPRECATED_OBJC_IMPLEMENTATIONS = YES;
				CLANG_WARN_DIRECT_OBJC_ISA_USAGE = YES_ERROR;
				CLANG_WARN_DOCUMENTATION_COMMENTS = YES;
				CLANG_WARN_EMPTY_BODY = YES;
				CLANG_WARN_ENUM_CONVERSION = YES;
				CLANG_WARN_INFINITE_RECURSION = YES;
				CLANG_WARN_INT_CONVERSION = YES;
				CLANG_WARN_NON_LITERAL_NULL_CONVERSION = YES;
				CLANG_WARN_OBJC_IMPLICIT_RETAIN_SELF = YES;
				CLANG_WARN_OBJC_LITERAL_CONVERSION = YES;
				CLANG_WARN_OBJC_ROOT_CLASS = YES_ERROR;
				CLANG_WARN_QUOTED_INCLUDE_IN_FRAMEWORK_HEADER = YES;
				CLANG_WARN_RANGE_LOOP_ANALYSIS = YES;
				CLANG_WARN_STRICT_PROTOTYPES = YES;
				CLANG_WARN_SUSPICIOUS_MOVE = YES;
				CLANG_WARN_UNGUARDED_AVAILABILITY = YES_AGGRESSIVE;
				CLANG_WARN_UNREACHABLE_CODE = YES;
				CLANG_WARN__DUPLICATE_METHOD_MATCH = YES;
				COPY_PHASE_STRIP = NO;
				DEBUG_INFORMATION_FORMAT = "dwarf-with-dsym";
				ENABLE_NS_ASSERTIONS = NO;
				ENABLE_STRICT_OBJC_MSGSEND = YES;
				ENABLE_USER_SCRIPT_SANDBOXING = YES;
				GCC_C_LANGUAGE_STANDARD = gnu17;
				GCC_NO_COMMON_BLOCKS = YES;
				GCC_WARN_64_TO_32_BIT_CONVERSION = YES;
				GCC_WARN_ABOUT_RETURN_TYPE = YES_ERROR;
				GCC_WARN_UNDECLARED_SELECTOR = YES;
				GCC_WARN_UNINITIALIZED_AUTOS = YES_AGGRESSIVE;
				GCC_WARN_UNUSED_FUNCTION = YES;
				GCC_WARN_UNUSED_VARIABLE = YES;
				IPHONEOS_DEPLOYMENT_TARGET = 18.5;
				LOCALIZATION_PREFERS_STRING_CATALOGS = YES;
				MTL_ENABLE_DEBUG_INFO = NO;
				MTL_FAST_MATH = YES;
				SDKROOT = iphoneos;
				STRING_CATALOG_GENERATE_SYMBOLS = YES;
				SWIFT_COMPILATION_MODE = wholemodule;
				VALIDATE_PRODUCT = YES;
			};
			name = Release;
		};
		A9B043C02E7CBA04005CBC2F /* Debug */ = {
			isa = XCBuildConfiguration;
			buildSettings = {
				ASSETCATALOG_COMPILER_APPICON_NAME = AppIcon;
				ASSETCATALOG_COMPILER_GLOBAL_ACCENT_COLOR_NAME = AccentColor;
				CODE_SIGN_ENTITLEMENTS = PapaDot/PapaDot.entitlements;
				CODE_SIGN_STYLE = Automatic;
				CURRENT_PROJECT_VERSION = 20260507;
				DEVELOPMENT_TEAM = 42B27YJ7RP;
				ENABLE_PREVIEWS = YES;
				GENERATE_INFOPLIST_FILE = YES;
				INFOPLIST_FILE = PapaDot/Info.plist;
				INFOPLIST_KEY_CFBundleDisplayName = PapaDot;
				INFOPLIST_KEY_LSApplicationCategoryType = "";
				INFOPLIST_KEY_NSCameraUsageDescription = "PapaDot uses your camera to take hole photos.";
				INFOPLIST_KEY_NSContactsUsageDescription = "PapaDot uses your contacts to add players to your game.";
				INFOPLIST_KEY_NSLocationWhenInUseUsageDescription = "PapaDot uses your location to find nearby golf courses.";
				INFOPLIST_KEY_NSPhotoLibraryUsageDescription = "PapaDot saves hole photos to your photo library.";
				INFOPLIST_KEY_UIApplicationSupportsIndirectInputEvents = YES;
				INFOPLIST_KEY_UIRequiredDeviceCapabilities = armv7;
				INFOPLIST_KEY_UISupportedInterfaceOrientations = "UIInterfaceOrientationPortrait UIInterfaceOrientationLandscapeLeft UIInterfaceOrientationLandscapeRight";
				INFOPLIST_KEY_UISupportedInterfaceOrientations_iPad = "UIInterfaceOrientationPortrait UIInterfaceOrientationPortraitUpsideDown UIInterfaceOrientationLandscapeLeft UIInterfaceOrientationLandscapeRight";
				LD_RUNPATH_SEARCH_PATHS = (
					"$(inherited)",
					"@executable_path/Frameworks",
				);
				MARKETING_VERSION = 1.21;
				NEW_SETTING = "";
				PRODUCT_BUNDLE_IDENTIFIER = com.jeffpaz.PapaDot;
				PRODUCT_NAME = "$(TARGET_NAME)";
				SUPPORTED_PLATFORMS = "iphoneos iphonesimulator";
				SUPPORTS_MACCATALYST = NO;
				SWIFT_EMIT_LOC_STRINGS = YES;
				SWIFT_VERSION = 5.0;
				TARGETED_DEVICE_FAMILY = 1;
			};
			name = Debug;
		};
		A9B043C12E7CBA04005CBC2F /* Release */ = {
			isa = XCBuildConfiguration;
			buildSettings = {
				ASSETCATALOG_COMPILER_APPICON_NAME = AppIcon;
				ASSETCATALOG_COMPILER_GLOBAL_ACCENT_COLOR_NAME = AccentColor;
				CODE_SIGN_ENTITLEMENTS = PapaDot/PapaDot.entitlements;
				CODE_SIGN_STYLE = Automatic;
				CURRENT_PROJECT_VERSION = 20260507;
				DEVELOPMENT_TEAM = 42B27YJ7RP;
				ENABLE_PREVIEWS = YES;
				GENERATE_INFOPLIST_FILE = YES;
				INFOPLIST_FILE = PapaDot/Info.plist;
				INFOPLIST_KEY_CFBundleDisplayName = PapaDot;
				INFOPLIST_KEY_LSApplicationCategoryType = "";
				INFOPLIST_KEY_NSCameraUsageDescription = "PapaDot uses your camera to take hole photos.";
				INFOPLIST_KEY_NSContactsUsageDescription = "PapaDot uses your contacts to add players to your game.";
				INFOPLIST_KEY_NSLocationWhenInUseUsageDescription = "PapaDot uses your location to find nearby golf courses.";
				INFOPLIST_KEY_NSPhotoLibraryUsageDescription = "PapaDot saves hole photos to your photo library.";
				INFOPLIST_KEY_UIApplicationSupportsIndirectInputEvents = YES;
				INFOPLIST_KEY_UIRequiredDeviceCapabilities = armv7;
				INFOPLIST_KEY_UISupportedInterfaceOrientations = "UIInterfaceOrientationPortrait UIInterfaceOrientationLandscapeLeft UIInterfaceOrientationLandscapeRight";
				INFOPLIST_KEY_UISupportedInterfaceOrientations_iPad = "UIInterfaceOrientationPortrait UIInterfaceOrientationPortraitUpsideDown UIInterfaceOrientationLandscapeLeft UIInterfaceOrientationLandscapeRight";
				LD_RUNPATH_SEARCH_PATHS = (
					"$(inherited)",
					"@executable_path/Frameworks",
				);
				MARKETING_VERSION = 1.21;
				NEW_SETTING = "";
				PRODUCT_BUNDLE_IDENTIFIER = com.jeffpaz.PapaDot;
				PRODUCT_NAME = "$(TARGET_NAME)";
				SUPPORTED_PLATFORMS = "iphoneos iphonesimulator";
				SUPPORTS_MACCATALYST = NO;
				SWIFT_EMIT_LOC_STRINGS = YES;
				SWIFT_VERSION = 5.0;
				TARGETED_DEVICE_FAMILY = 1;
			};
			name = Release;
		};
		A9B043C32E7CBA04005CBC2F /* Debug */ = {
			isa = XCBuildConfiguration;
			buildSettings = {
				BUNDLE_LOADER = "$(TEST_HOST)";
				CODE_SIGN_STYLE = Automatic;
				CURRENT_PROJECT_VERSION = 1;
				GENERATE_INFOPLIST_FILE = YES;
				IPHONEOS_DEPLOYMENT_TARGET = 18.5;
				MARKETING_VERSION = 1.0;
				PRODUCT_BUNDLE_IDENTIFIER = "-.PapaDotTests";
				PRODUCT_NAME = "$(TARGET_NAME)";
				SWIFT_EMIT_LOC_STRINGS = NO;
				SWIFT_VERSION = 5.0;
				TARGETED_DEVICE_FAMILY = "1,2";
				TEST_HOST = "$(BUILT_PRODUCTS_DIR)/PapaDot.app/$(BUNDLE_EXECUTABLE_FOLDER_PATH)/PapaDot";
			};
			name = Debug;
		};
		A9B043C42E7CBA04005CBC2F /* Release */ = {
			isa = XCBuildConfiguration;
			buildSettings = {
				BUNDLE_LOADER = "$(TEST_HOST)";
				CODE_SIGN_STYLE = Automatic;
				CURRENT_PROJECT_VERSION = 1;
				GENERATE_INFOPLIST_FILE = YES;
				IPHONEOS_DEPLOYMENT_TARGET = 18.5;
				MARKETING_VERSION = 1.0;
				PRODUCT_BUNDLE_IDENTIFIER = "-.PapaDotTests";
				PRODUCT_NAME = "$(TARGET_NAME)";
				SWIFT_EMIT_LOC_STRINGS = NO;
				SWIFT_VERSION = 5.0;
				TARGETED_DEVICE_FAMILY = "1,2";
				TEST_HOST = "$(BUILT_PRODUCTS_DIR)/PapaDot.app/$(BUNDLE_EXECUTABLE_FOLDER_PATH)/PapaDot";
			};
			name = Release;
		};
		A9B043C62E7CBA04005CBC2F /* Debug */ = {
			isa = XCBuildConfiguration;
			buildSettings = {
				CODE_SIGN_STYLE = Automatic;
				CURRENT_PROJECT_VERSION = 1;
				GENERATE_INFOPLIST_FILE = YES;
				MARKETING_VERSION = 1.0;
				PRODUCT_BUNDLE_IDENTIFIER = "-.PapaDotUITests";
				PRODUCT_NAME = "$(TARGET_NAME)";
				SWIFT_EMIT_LOC_STRINGS = NO;
				SWIFT_VERSION = 5.0;
				TARGETED_DEVICE_FAMILY = "1,2";
				TEST_TARGET_NAME = PapaDot;
			};
			name = Debug;
		};
		A9B043C72E7CBA04005CBC2F /* Release */ = {
			isa = XCBuildConfiguration;
			buildSettings = {
				CODE_SIGN_STYLE = Automatic;
				CURRENT_PROJECT_VERSION = 1;
				GENERATE_INFOPLIST_FILE = YES;
				MARKETING_VERSION = 1.0;
				PRODUCT_BUNDLE_IDENTIFIER = "-.PapaDotUITests";
				PRODUCT_NAME = "$(TARGET_NAME)";
				SWIFT_EMIT_LOC_STRINGS = NO;
				SWIFT_VERSION = 5.0;
				TARGETED_DEVICE_FAMILY = "1,2";
				TEST_TARGET_NAME = PapaDot;
			};
			name = Release;
		};
/* End XCBuildConfiguration section */

/* Begin XCConfigurationList section */
		A91120EE2F0B07710015E379 /* Build configuration list for PBXNativeTarget "PapaDotWidgetExtension" */ = {
			isa = XCConfigurationList;
			buildConfigurations = (
				A91120EF2F0B07710015E379 /* Debug */,
				A91120F02F0B07710015E379 /* Release */,
			);
			defaultConfigurationIsVisible = 0;
			defaultConfigurationName = Release;
		};
		A9B043992E7CBA03005CBC2F /* Build configuration list for PBXProject "PapaDot" */ = {
			isa = XCConfigurationList;
			buildConfigurations = (
				A9B043BD2E7CBA04005CBC2F /* Debug */,
				A9B043BE2E7CBA04005CBC2F /* Release */,
			);
			defaultConfigurationIsVisible = 0;
			defaultConfigurationName = Release;
		};
		A9B043BF2E7CBA04005CBC2F /* Build configuration list for PBXNativeTarget "PapaDot" */ = {
			isa = XCConfigurationList;
			buildConfigurations = (
				A9B043C02E7CBA04005CBC2F /* Debug */,
				A9B043C12E7CBA04005CBC2F /* Release */,
			);
			defaultConfigurationIsVisible = 0;
			defaultConfigurationName = Release;
		};
		A9B043C22E7CBA04005CBC2F /* Build configuration list for PBXNativeTarget "PapaDotTests" */ = {
			isa = XCConfigurationList;
			buildConfigurations = (
				A9B043C32E7CBA04005CBC2F /* Debug */,
				A9B043C42E7CBA04005CBC2F /* Release */,
			);
			defaultConfigurationIsVisible = 0;
			defaultConfigurationName = Release;
		};
		A9B043C52E7CBA04005CBC2F /* Build configuration list for PBXNativeTarget "PapaDotUITests" */ = {
			isa = XCConfigurationList;
			buildConfigurations = (
				A9B043C62E7CBA04005CBC2F /* Debug */,
				A9B043C72E7CBA04005CBC2F /* Release */,
			);
			defaultConfigurationIsVisible = 0;
			defaultConfigurationName = Release;
		};
/* End XCConfigurationList section */
	};
	rootObject = A9B043962E7CBA03005CBC2F /* Project object */;
}
